
Microsoft Visual Studio Solution File, Format Version 12.00
# Visual Studio Version 17
VisualStudioVersion = 17.14.36202.13 d17.14
MinimumVisualStudioVersion = 10.0.40219.1
Project("{FAE04EC0-301F-11D3-BF4B-00C04F79EFBC}") = "CIelo_l", "CIelo_l.csproj", "{4D154BC3-4991-46A8-9210-38D8A36061B8}"
EndProject
Global
	GlobalSection(SolutionConfigurationPlatforms) = preSolution
		Debug|Any CPU = Debug|Any CPU
		Release|Any CPU = Release|Any CPU
	EndGlobalSection
	GlobalSection(ProjectConfigurationPlatforms) = postSolution
		{4D154BC3-4991-46A8-9210-38D8A36061B8}.Debug|Any CPU.ActiveCfg = Debug|Any CPU
		{4D154BC3-4991-46A8-9210-38D8A36061B8}.Debug|Any CPU.Build.0 = Debug|Any CPU
		{4D154BC3-4991-46A8-9210-38D8A36061B8}.Release|Any CPU.ActiveCfg = Release|Any CPU
		{4D154BC3-4991-46A8-9210-38D8A36061B8}.Release|Any CPU.Build.0 = Release|Any CPU
	EndGlobalSection
	GlobalSection(SolutionProperties) = preSolution
		HideSolutionNode = FALSE
	EndGlobalSection
	GlobalSection(ExtensibilityGlobals) = postSolution
		SolutionGuid = {4DF32A93-BEB2-4A55-98DF-E142C92EFA5A}
	EndGlobalSection
EndGlobal
